
Microsoft Visual Studio Solution File, Format Version 12.00
# Visual Studio Version 16
VisualStudioVersion = 16.0.29306.81
MinimumVisualStudioVersion = 10.0.40219.1
Project("{FAE04EC0-301F-11D3-BF4B-00C04F79EFBC}") = "EAD", "EAD\EAD.csproj", "{5A045204-C403-4C2B-8977-4C29D18CBCE6}"
EndProject
Project("{FAE04EC0-301F-11D3-BF4B-00C04F79EFBC}") = "EAD2", "EAD2\EAD2.csproj", "{D40AAFB9-B0D7-46A2-9CF8-2D04BF22313E}"
EndProject
Project("{FAE04EC0-301F-11D3-BF4B-00C04F79EFBC}") = "EAD3", "EAD3\EAD3.csproj", "{24F8A80B-A20D-4E1F-BA12-CFAFE090FBCC}"
EndProject
Project("{FAE04EC0-301F-11D3-BF4B-00C04F79EFBC}") = "EAD4", "EAD4\EAD4.csproj", "{7701042F-4CE0-44D5-8282-295B6946908C}"
EndProject
Project("{FAE04EC0-301F-11D3-BF4B-00C04F79EFBC}") = "EAD5", "EAD5\EAD5.csproj", "{D3CC1C64-8DA5-40B9-ACB6-F2508AB16108}"
EndProject
Global
	GlobalSection(SolutionConfigurationPlatforms) = preSolution
		Debug|Any CPU = Debug|Any CPU
		Release|Any CPU = Release|Any CPU
	EndGlobalSection
	GlobalSection(ProjectConfigurationPlatforms) = postSolution
		{5A045204-C403-4C2B-8977-4C29D18CBCE6}.Debug|Any CPU.ActiveCfg = Debug|Any CPU
		{5A045204-C403-4C2B-8977-4C29D18CBCE6}.Debug|Any CPU.Build.0 = Debug|Any CPU
		{5A045204-C403-4C2B-8977-4C29D18CBCE6}.Release|Any CPU.ActiveCfg = Release|Any CPU
		{5A045204-C403-4C2B-8977-4C29D18CBCE6}.Release|Any CPU.Build.0 = Release|Any CPU
		{D40AAFB9-B0D7-46A2-9CF8-2D04BF22313E}.Debug|Any CPU.ActiveCfg = Debug|Any CPU
		{D40AAFB9-B0D7-46A2-9CF8-2D04BF22313E}.Debug|Any CPU.Build.0 = Debug|Any CPU
		{D40AAFB9-B0D7-46A2-9CF8-2D04BF22313E}.Release|Any CPU.ActiveCfg = Release|Any CPU
		{D40AAFB9-B0D7-46A2-9CF8-2D04BF22313E}.Release|Any CPU.Build.0 = Release|Any CPU
		{24F8A80B-A20D-4E1F-BA12-CFAFE090FBCC}.Debug|Any CPU.ActiveCfg = Debug|Any CPU
		{24F8A80B-A20D-4E1F-BA12-CFAFE090FBCC}.Debug|Any CPU.Build.0 = Debug|Any CPU
		{24F8A80B-A20D-4E1F-BA12-CFAFE090FBCC}.Release|Any CPU.ActiveCfg = Release|Any CPU
		{24F8A80B-A20D-4E1F-BA12-CFAFE090FBCC}.Release|Any CPU.Build.0 = Release|Any CPU
		{7701042F-4CE0-44D5-8282-295B6946908C}.Debug|Any CPU.ActiveCfg = Debug|Any CPU
		{7701042F-4CE0-44D5-8282-295B6946908C}.Debug|Any CPU.Build.0 = Debug|Any CPU
		{7701042F-4CE0-44D5-8282-295B6946908C}.Release|Any CPU.ActiveCfg = Release|Any CPU
		{7701042F-4CE0-44D5-8282-295B6946908C}.Release|Any CPU.Build.0 = Release|Any CPU
		{D3CC1C64-8DA5-40B9-ACB6-F2508AB16108}.Debug|Any CPU.ActiveCfg = Debug|Any CPU
		{D3CC1C64-8DA5-40B9-ACB6-F2508AB16108}.Debug|Any CPU.Build.0 = Debug|Any CPU
		{D3CC1C64-8DA5-40B9-ACB6-F2508AB16108}.Release|Any CPU.ActiveCfg = Release|Any CPU
		{D3CC1C64-8DA5-40B9-ACB6-F2508AB16108}.Release|Any CPU.Build.0 = Release|Any CPU
	EndGlobalSection
	GlobalSection(SolutionProperties) = preSolution
		HideSolutionNode = FALSE
	EndGlobalSection
	GlobalSection(ExtensibilityGlobals) = postSolution
		SolutionGuid = {4C1A28B5-2D90-4E90-ABE1-A4F3310A5107}
	EndGlobalSection
EndGlobal
